
Microsoft Visual Studio Solution File, Format Version 12.00
# Visual Studio Version 17
VisualStudioVersion = 17.11.35431.28
MinimumVisualStudioVersion = 10.0.40219.1
Project("{FAE04EC0-301F-11D3-BF4B-00C04F79EFBC}") = "SeatBookingSystem.Server", "SeatBookingSystem.Server\SeatBookingSystem.Server.csproj", "{2A073547-82E6-4E34-AA5C-A93E00CB88C0}"
EndProject
Project("{54A90642-561A-4BB1-A94E-469ADEE60C69}") = "seatbookingsystem.client", "seatbookingsystem.client\seatbookingsystem.client.esproj", "{32E95231-EB4D-472E-98CC-E708979FCECC}"
EndProject
Global
	GlobalSection(SolutionConfigurationPlatforms) = preSolution
		Debug|Any CPU = Debug|Any CPU
		Release|Any CPU = Release|Any CPU
	EndGlobalSection
	GlobalSection(ProjectConfigurationPlatforms) = postSolution
		{2A073547-82E6-4E34-AA5C-A93E00CB88C0}.Debug|Any CPU.ActiveCfg = Debug|Any CPU
		{2A073547-82E6-4E34-AA5C-A93E00CB88C0}.Debug|Any CPU.Build.0 = Debug|Any CPU
		{2A073547-82E6-4E34-AA5C-A93E00CB88C0}.Release|Any CPU.ActiveCfg = Release|Any CPU
		{2A073547-82E6-4E34-AA5C-A93E00CB88C0}.Release|Any CPU.Build.0 = Release|Any CPU
		{32E95231-EB4D-472E-98CC-E708979FCECC}.Debug|Any CPU.ActiveCfg = Debug|Any CPU
		{32E95231-EB4D-472E-98CC-E708979FCECC}.Debug|Any CPU.Build.0 = Debug|Any CPU
		{32E95231-EB4D-472E-98CC-E708979FCECC}.Debug|Any CPU.Deploy.0 = Debug|Any CPU
		{32E95231-EB4D-472E-98CC-E708979FCECC}.Release|Any CPU.ActiveCfg = Release|Any CPU
		{32E95231-EB4D-472E-98CC-E708979FCECC}.Release|Any CPU.Build.0 = Release|Any CPU
		{32E95231-EB4D-472E-98CC-E708979FCECC}.Release|Any CPU.Deploy.0 = Release|Any CPU
	EndGlobalSection
	GlobalSection(SolutionProperties) = preSolution
		HideSolutionNode = FALSE
	EndGlobalSection
	GlobalSection(ExtensibilityGlobals) = postSolution
		SolutionGuid = {48F1FD28-86A9-4034-9696-0B9FD82CEC8F}
	EndGlobalSection
EndGlobal
